{
  "name": "roommates-app",
  "version": "1.0.0",
  "lockfileVersion": 1,
  "requires": true,
  "dependencies": {
    "@fortawesome/fontawesome-common-types": {
      "version": "0.2.16",
      "resolved": "https://registry.npmjs.org/@fortawesome/fontawesome-common-types/-/fontawesome-common-types-0.2.16.tgz",
      "integrity": "sha512-KVV0xwBM+JWwPlijCghjeQKBHziuvdWRF6kGQlaHKdUcJQ095YVcSjoXg90p6V91XL7RYoUEhYKu/t/f6HIS6g=="
    },
    "@fortawesome/fontawesome-svg-core": {
      "version": "1.2.16",
      "resolved": "https://registry.npmjs.org/@fortawesome/fontawesome-svg-core/-/fontawesome-svg-core-1.2.16.tgz",
      "integrity": "sha512-5PzC5M/XKHkCU8zWeCNhMRpoyKhSu7FgkC/wxsucs8P2SngcmcZIeY5HM/xrr7SF2sZN7np3bxD/L3vOHb2guQ==",
      "requires": {
        "@fortawesome/fontawesome-common-types": "0.2.16"
      }
    },
    "@fortawesome/free-solid-svg-icons": {
      "version": "5.8.0",
      "resolved": "https://registry.npmjs.org/@fortawesome/free-solid-svg-icons/-/free-solid-svg-icons-5.8.0.tgz",
      "integrity": "sha512-2UkbBDOHjnZJDtc9ePkdQosLa7tDtm29HsI9d8RUkL/ZXQ37hvQ7H5ymseSvmsOJXBF5PUszbF/nq3e2wY9mMA==",
      "requires": {
        "@fortawesome/fontawesome-common-types": "0.2.16"
      }
    }
  }
}
